
Microsoft Visual Studio Solution File, Format Version 12.00
# Visual Studio Version 17
VisualStudioVersion = 17.4.33213.308
MinimumVisualStudioVersion = 10.0.40219.1
Project("{9A19103F-16F7-4668-BE54-9A1E7A4F7556}") = "SeleniumWebdriver demo", "SeleniumWebdriver demo\SeleniumWebdriver demo.csproj", "{7BD23157-101C-4D59-A0F1-B7AD011E1586}"
EndProject
Project("{FAE04EC0-301F-11D3-BF4B-00C04F79EFBC}") = "SeleniumWebDriverNunitDemo", "SeleniumWebDriverNunitDemo\SeleniumWebDriverNunitDemo.csproj", "{ED5979EB-C6B5-40E2-87F8-85E6F5D26146}"
EndProject
Global
	GlobalSection(SolutionConfigurationPlatforms) = preSolution
		Debug|Any CPU = Debug|Any CPU
		Release|Any CPU = Release|Any CPU
	EndGlobalSection
	GlobalSection(ProjectConfigurationPlatforms) = postSolution
		{7BD23157-101C-4D59-A0F1-B7AD011E1586}.Debug|Any CPU.ActiveCfg = Debug|Any CPU
		{7BD23157-101C-4D59-A0F1-B7AD011E1586}.Debug|Any CPU.Build.0 = Debug|Any CPU
		{7BD23157-101C-4D59-A0F1-B7AD011E1586}.Release|Any CPU.ActiveCfg = Release|Any CPU
		{7BD23157-101C-4D59-A0F1-B7AD011E1586}.Release|Any CPU.Build.0 = Release|Any CPU
		{ED5979EB-C6B5-40E2-87F8-85E6F5D26146}.Debug|Any CPU.ActiveCfg = Debug|Any CPU
		{ED5979EB-C6B5-40E2-87F8-85E6F5D26146}.Debug|Any CPU.Build.0 = Debug|Any CPU
		{ED5979EB-C6B5-40E2-87F8-85E6F5D26146}.Release|Any CPU.ActiveCfg = Release|Any CPU
		{ED5979EB-C6B5-40E2-87F8-85E6F5D26146}.Release|Any CPU.Build.0 = Release|Any CPU
	EndGlobalSection
	GlobalSection(SolutionProperties) = preSolution
		HideSolutionNode = FALSE
	EndGlobalSection
	GlobalSection(ExtensibilityGlobals) = postSolution
		SolutionGuid = {6686D015-CB5E-486D-A606-89526D5447CE}
	EndGlobalSection
EndGlobal
